Microsoft Visual Studio Solution File, Format Version 12.00
# Visual Studio Version 17
VisualStudioVersion = 17.5.2.0
MinimumVisualStudioVersion = 10.0.40219.1
Project("{FAE04EC0-301F-11D3-BF4B-00C04F79EFBC}") = "Raytolfas Launcher", "RaytolfasLauncher.csproj", "{31539C5E-099D-0F05-75D0-576EF75F630B}"
EndProject
Global
	GlobalSection(SolutionConfigurationPlatforms) = preSolution
		Debug|Any CPU = Debug|Any CPU
		Release|Any CPU = Release|Any CPU
	EndGlobalSection
	GlobalSection(ProjectConfigurationPlatforms) = postSolution
		{31539C5E-099D-0F05-75D0-576EF75F630B}.Debug|Any CPU.ActiveCfg = Debug|Any CPU
		{31539C5E-099D-0F05-75D0-576EF75F630B}.Debug|Any CPU.Build.0 = Debug|Any CPU
		{31539C5E-099D-0F05-75D0-576EF75F630B}.Release|Any CPU.ActiveCfg = Release|Any CPU
		{31539C5E-099D-0F05-75D0-576EF75F630B}.Release|Any CPU.Build.0 = Release|Any CPU
	EndGlobalSection
	GlobalSection(SolutionProperties) = preSolution
		HideSolutionNode = FALSE
	EndGlobalSection
	GlobalSection(ExtensibilityGlobals) = postSolution
		SolutionGuid = {F1FB0FA1-69BC-4DAE-8A1B-C491635F2374}
	EndGlobalSection
EndGlobal
